<?xml version="1.0" encoding="utf-8"?>
<Project ToolsVersion="4.0" xmlns="http://schemas.microsoft.com/developer/msbuild/2003">
  <ItemGroup>
    <Filter Include="Исходные файлы">
      <UniqueIdentifier>{4FC737F1-C7A5-4376-A066-2A32D752A2FF}</UniqueIdentifier>
      <Extensions>cpp;c;cc;cxx;c++;cppm;ixx;def;odl;idl;hpj;bat;asm;asmx</Extensions>
    </Filter>
    <Filter Include="Файлы заголовков">
      <UniqueIdentifier>{93995380-89BD-4b04-88EB-625FBE52EBFB}</UniqueIdentifier>
      <Extensions>h;hh;hpp;hxx;h++;hm;inl;inc;ipp;xsd</Extensions>
    </Filter>
    <Filter Include="Файлы ресурсов">
      <UniqueIdentifier>{67DA6AB6-F800-4c08-8B7A-83BB121AAD01}</UniqueIdentifier>
      <Extensions>rc;ico;cur;bmp;dlg;rc2;rct;bin;rgs;gif;jpg;jpeg;jpe;resx;tiff;tif;png;wav;mfcribbon-ms</Extensions>
    </Filter>
  </ItemGroup>
  <ItemGroup>
    <ClCompile Include="main.cpp">
      <Filter>Исходные файлы</Filter>
    </ClCompile>
    <ClCompile Include="source\Utils\File\File.cpp">
      <Filter>Исходные файлы</Filter>
    </ClCompile>
    <ClCompile Include="source\Utils\ImGui\Utils.ImGui.cpp">
      <Filter>Исходные файлы</Filter>
    </ClCompile>
    <ClCompile Include="source\Utils\Keyboard\Keyboard.cpp">
      <Filter>Исходные файлы</Filter>
    </ClCompile>
    <ClCompile Include="source\Utils\Math\Math.Lerp.cpp">
      <Filter>Исходные файлы</Filter>
    </ClCompile>
    <ClCompile Include="source\Utils\Math\VectorMath.cpp">
      <Filter>Исходные файлы</Filter>
    </ClCompile>
    <ClCompile Include="source\Utils\OpenGL\AtlasTexture\AtlasTexture.cpp">
      <Filter>Исходные файлы</Filter>
    </ClCompile>
    <ClCompile Include="source\Utils\OpenGL\Framebuffer\Framebuffer.cpp">
      <Filter>Исходные файлы</Filter>
    </ClCompile>
    <ClCompile Include="source\Utils\OpenGL\Renderbuffer\Renderbuffer.cpp">
      <Filter>Исходные файлы</Filter>
    </ClCompile>
    <ClCompile Include="source\Utils\OpenGL\Shaders\Shader.cpp">
      <Filter>Исходные файлы</Filter>
    </ClCompile>
    <ClCompile Include="source\Utils\OpenGL\Texture\Texture.cpp">
      <Filter>Исходные файлы</Filter>
    </ClCompile>
    <ClCompile Include="source\Utils\OpenGL\Texture2DArrays\Texture2DArrays.cpp">
      <Filter>Исходные файлы</Filter>
    </ClCompile>
    <ClCompile Include="source\Utils\OpenGL\TextureStructs\TextureStructs.cpp">
      <Filter>Исходные файлы</Filter>
    </ClCompile>
    <ClCompile Include="source\Utils\OpenGL\Window\Manager\WindowManager.cpp">
      <Filter>Исходные файлы</Filter>
    </ClCompile>
    <ClCompile Include="source\Utils\OpenGL\Window\Window.cpp">
      <Filter>Исходные файлы</Filter>
    </ClCompile>
    <ClCompile Include="source\Utils\Text\Encoding\Unicode\Unicode.cpp">
      <Filter>Исходные файлы</Filter>
    </ClCompile>
    <ClCompile Include="source\Utils\Text\Encoding\UTF8\UTF8.cpp">
      <Filter>Исходные файлы</Filter>
    </ClCompile>
    <ClCompile Include="source\Utils\Text\Encoding\Wstring\Wstring.cpp">
      <Filter>Исходные файлы</Filter>
    </ClCompile>
    <ClCompile Include="source\Utils\Text\Text.cpp">
      <Filter>Исходные файлы</Filter>
    </ClCompile>
    <ClCompile Include="source\Utils\Time\Time.cpp">
      <Filter>Исходные файлы</Filter>
    </ClCompile>
    <ClCompile Include="source\Utils\Timer\Timer.cpp">
      <Filter>Исходные файлы</Filter>
    </ClCompile>
    <ClCompile Include="source\Utils\Timer\Timer.Framerate.cpp">
      <Filter>Исходные файлы</Filter>
    </ClCompile>
    <ClCompile Include="source\Utils\Values\Values.cpp">
      <Filter>Исходные файлы</Filter>
    </ClCompile>
    <ClCompile Include="source\Core\Animation\Keyframes\Keyframes.cpp">
      <Filter>Исходные файлы</Filter>
    </ClCompile>
    <ClCompile Include="source\Core\CoordinateSystem\CoordinateSystem.cpp">
      <Filter>Исходные файлы</Filter>
    </ClCompile>
    <ClCompile Include="source\Core\Engine\Engine.Core.cpp">
      <Filter>Исходные файлы</Filter>
    </ClCompile>
    <ClCompile Include="source\Core\Engine\Engine.Keyboard.cpp">
      <Filter>Исходные файлы</Filter>
    </ClCompile>
    <ClCompile Include="source\Core\Engine\Engine.Mouse.cpp">
      <Filter>Исходные файлы</Filter>
    </ClCompile>
    <ClCompile Include="source\Core\Engine\Engine.Shader.cpp">
      <Filter>Исходные файлы</Filter>
    </ClCompile>
    <ClCompile Include="source\Core\Engine\Engine.Time.cpp">
      <Filter>Исходные файлы</Filter>
    </ClCompile>
    <ClCompile Include="source\Core\Engine\Engine.Window.cpp">
      <Filter>Исходные файлы</Filter>
    </ClCompile>
    <ClCompile Include="source\Rendering\RenderObjects\DebugCircle\Render.Debug.Circle.cpp">
      <Filter>Исходные файлы</Filter>
    </ClCompile>
    <ClCompile Include="source\Rendering\RenderObjects\DebugLine\Render.Debug.Line.cpp">
      <Filter>Исходные файлы</Filter>
    </ClCompile>
    <ClCompile Include="source\Rendering\RenderObjects\Quad\Render.Quad.cpp">
      <Filter>Исходные файлы</Filter>
    </ClCompile>
    <ClCompile Include="source\Rendering\RenderObjects\QuadInstancedTextured\Render.Quad.Instanced.Textured.cpp">
      <Filter>Исходные файлы</Filter>
    </ClCompile>
    <ClCompile Include="source\Rendering\RenderObjects\QuadTexture\Render.QuadTexture.cpp">
      <Filter>Исходные файлы</Filter>
    </ClCompile>
    <ClCompile Include="source\Core\Application\Application.cpp">
      <Filter>Исходные файлы</Filter>
    </ClCompile>
    <ClCompile Include="source\Game\Border\Border.cpp">
      <Filter>Исходные файлы</Filter>
    </ClCompile>
    <ClCompile Include="source\Game\Math\Arkanoid_Math.cpp">
      <Filter>Исходные файлы</Filter>
    </ClCompile>
    <ClCompile Include="source\Game\Player\Player.cpp">
      <Filter>Исходные файлы</Filter>
    </ClCompile>
    <ClCompile Include="source\Game\LevelCreator\LevelCreator.cpp">
      <Filter>Исходные файлы</Filter>
    </ClCompile>
    <ClCompile Include="source\Rendering\RenderObjects\QuadInstanced\Render.Quad.Instanced.cpp">
      <Filter>Исходные файлы</Filter>
    </ClCompile>
    <ClCompile Include="source\Core\Engine\Engine.FileDialog.cpp">
      <Filter>Исходные файлы</Filter>
    </ClCompile>
    <ClCompile Include="source\Game\Math\AABB\AABB.cpp">
      <Filter>Исходные файлы</Filter>
    </ClCompile>
    <ClCompile Include="source\Game\DestroyableObject\DestroyableObject.cpp">
      <Filter>Исходные файлы</Filter>
    </ClCompile>
    <ClCompile Include="source\Game\BallSpawnPosition\BallSpawnPosition.cpp">
      <Filter>Исходные файлы</Filter>
    </ClCompile>
    <ClCompile Include="source\Game\Game.cpp">
      <Filter>Исходные файлы</Filter>
    </ClCompile>
    <ClCompile Include="source\Game\Math\Segment\Segment.cpp">
      <Filter>Исходные файлы</Filter>
    </ClCompile>
    <ClCompile Include="source\Game\Ball\Ball.cpp">
      <Filter>Исходные файлы</Filter>
    </ClCompile>
    <ClCompile Include="source\Game\Math\Triangulation\Greedy\Triangulation.Greedy.cpp">
      <Filter>Исходные файлы</Filter>
    </ClCompile>
    <ClCompile Include="source\Game\Math\Triangle\Triangle.cpp">
      <Filter>Исходные файлы</Filter>
    </ClCompile>
    <ClCompile Include="source\Game\Math\Triangulation\EarClipping\Triangulation.EarClipping.cpp">
      <Filter>Исходные файлы</Filter>
    </ClCompile>
    <ClCompile Include="source\Rendering\RenderObjects\TriangleInstanced\Render.Triangle.Instanced.cpp">
      <Filter>Исходные файлы</Filter>
    </ClCompile>
  </ItemGroup>
  <ItemGroup>
    <ClInclude Include="source\Utils\File\File.h">
      <Filter>Файлы заголовков</Filter>
    </ClInclude>
    <ClInclude Include="source\Utils\ImGui\Utils.ImGui.h">
      <Filter>Файлы заголовков</Filter>
    </ClInclude>
    <ClInclude Include="source\Utils\Keyboard\Keyboard.h">
      <Filter>Файлы заголовков</Filter>
    </ClInclude>
    <ClInclude Include="source\Utils\Math\Math.Lerp.h">
      <Filter>Файлы заголовков</Filter>
    </ClInclude>
    <ClInclude Include="source\Utils\Math\VectorMath.h">
      <Filter>Файлы заголовков</Filter>
    </ClInclude>
    <ClInclude Include="source\Utils\OpenGL\AtlasTexture\AtlasTexture.h">
      <Filter>Файлы заголовков</Filter>
    </ClInclude>
    <ClInclude Include="source\Utils\OpenGL\Enums\OpenGL.Enums.h">
      <Filter>Файлы заголовков</Filter>
    </ClInclude>
    <ClInclude Include="source\Utils\OpenGL\Framebuffer\Framebuffer.h">
      <Filter>Файлы заголовков</Filter>
    </ClInclude>
    <ClInclude Include="source\Utils\OpenGL\Renderbuffer\Renderbuffer.h">
      <Filter>Файлы заголовков</Filter>
    </ClInclude>
    <ClInclude Include="source\Utils\OpenGL\Shaders\Shader.h">
      <Filter>Файлы заголовков</Filter>
    </ClInclude>
    <ClInclude Include="source\Utils\OpenGL\Texture\Texture.h">
      <Filter>Файлы заголовков</Filter>
    </ClInclude>
    <ClInclude Include="source\Utils\OpenGL\Texture2DArrays\Texture2DArrays.h">
      <Filter>Файлы заголовков</Filter>
    </ClInclude>
    <ClInclude Include="source\Utils\OpenGL\TextureStructs\TextureStructs.h">
      <Filter>Файлы заголовков</Filter>
    </ClInclude>
    <ClInclude Include="source\Utils\OpenGL\UBO\UBO.h">
      <Filter>Файлы заголовков</Filter>
    </ClInclude>
    <ClInclude Include="source\Utils\OpenGL\Window\Manager\WindowManager.h">
      <Filter>Файлы заголовков</Filter>
    </ClInclude>
    <ClInclude Include="source\Utils\OpenGL\Window\Window.h">
      <Filter>Файлы заголовков</Filter>
    </ClInclude>
    <ClInclude Include="source\Utils\Text\Encoding\Unicode\Unicode.h">
      <Filter>Файлы заголовков</Filter>
    </ClInclude>
    <ClInclude Include="source\Utils\Text\Encoding\UTF8\UTF8.h">
      <Filter>Файлы заголовков</Filter>
    </ClInclude>
    <ClInclude Include="source\Utils\Text\Encoding\Wstring\Wstring.h">
      <Filter>Файлы заголовков</Filter>
    </ClInclude>
    <ClInclude Include="source\Utils\Text\Text.h">
      <Filter>Файлы заголовков</Filter>
    </ClInclude>
    <ClInclude Include="source\Utils\Time\Time.h">
      <Filter>Файлы заголовков</Filter>
    </ClInclude>
    <ClInclude Include="source\Utils\Timer\Timer.Framerate.h">
      <Filter>Файлы заголовков</Filter>
    </ClInclude>
    <ClInclude Include="source\Utils\Timer\Timer.h">
      <Filter>Файлы заголовков</Filter>
    </ClInclude>
    <ClInclude Include="source\Utils\Values\Values.h">
      <Filter>Файлы заголовков</Filter>
    </ClInclude>
    <ClInclude Include="source\Core\Animation\Keyframe\Keyframe.h">
      <Filter>Файлы заголовков</Filter>
    </ClInclude>
    <ClInclude Include="source\Core\Animation\Keyframes\Keyframes.h">
      <Filter>Файлы заголовков</Filter>
    </ClInclude>
    <ClInclude Include="source\Core\Animation\ObjectAnimation.h">
      <Filter>Файлы заголовков</Filter>
    </ClInclude>
    <ClInclude Include="source\Core\CoordinateSystem\CoordinateSystem.h">
      <Filter>Файлы заголовков</Filter>
    </ClInclude>
    <ClInclude Include="source\Core\Engine\Engine.h">
      <Filter>Файлы заголовков</Filter>
    </ClInclude>
    <ClInclude Include="source\Core\Engine\Engine.Keyboard.Enums.h">
      <Filter>Файлы заголовков</Filter>
    </ClInclude>
    <ClInclude Include="source\Core\Engine\Engine.Mouse.Enums.h">
      <Filter>Файлы заголовков</Filter>
    </ClInclude>
    <ClInclude Include="source\Core\UBOs\MainBlock.h">
      <Filter>Файлы заголовков</Filter>
    </ClInclude>
    <ClInclude Include="source\Rendering\RenderObjects\DebugCircle\Render.Debug.Circle.h">
      <Filter>Файлы заголовков</Filter>
    </ClInclude>
    <ClInclude Include="source\Rendering\RenderObjects\DebugLine\Render.Debug.Line.h">
      <Filter>Файлы заголовков</Filter>
    </ClInclude>
    <ClInclude Include="source\Rendering\RenderObjects\Quad\Render.Quad.h">
      <Filter>Файлы заголовков</Filter>
    </ClInclude>
    <ClInclude Include="source\Rendering\RenderObjects\QuadInstancedTextured\Render.Quad.Instanced.Textured.h">
      <Filter>Файлы заголовков</Filter>
    </ClInclude>
    <ClInclude Include="source\Rendering\RenderObjects\QuadTexture\Render.QuadTexture.h">
      <Filter>Файлы заголовков</Filter>
    </ClInclude>
    <ClInclude Include="source\ThirdParty\utf8\checked.h">
      <Filter>Файлы заголовков</Filter>
    </ClInclude>
    <ClInclude Include="source\ThirdParty\utf8\core.h">
      <Filter>Файлы заголовков</Filter>
    </ClInclude>
    <ClInclude Include="source\ThirdParty\utf8\cpp11.h">
      <Filter>Файлы заголовков</Filter>
    </ClInclude>
    <ClInclude Include="source\ThirdParty\utf8\cpp17.h">
      <Filter>Файлы заголовков</Filter>
    </ClInclude>
    <ClInclude Include="source\ThirdParty\utf8\cpp20.h">
      <Filter>Файлы заголовков</Filter>
    </ClInclude>
    <ClInclude Include="source\ThirdParty\utf8\unchecked.h">
      <Filter>Файлы заголовков</Filter>
    </ClInclude>
    <ClInclude Include="source\ThirdParty\utf8.h">
      <Filter>Файлы заголовков</Filter>
    </ClInclude>
    <ClInclude Include="source\Core\Application\Application.h">
      <Filter>Файлы заголовков</Filter>
    </ClInclude>
    <ClInclude Include="source\Core\Colors\Colors.h">
      <Filter>Файлы заголовков</Filter>
    </ClInclude>
    <ClInclude Include="source\Game\Player\Player.h">
      <Filter>Файлы заголовков</Filter>
    </ClInclude>
    <ClInclude Include="source\Game\Border\Border.h">
      <Filter>Файлы заголовков</Filter>
    </ClInclude>
    <ClInclude Include="source\Game\CollisionInfo\CollisionInfo.h">
      <Filter>Файлы заголовков</Filter>
    </ClInclude>
    <ClInclude Include="source\Game\Math\Arkanoid_Math.h">
      <Filter>Файлы заголовков</Filter>
    </ClInclude>
    <ClInclude Include="source\Game\Ball\Ball.h">
      <Filter>Файлы заголовков</Filter>
    </ClInclude>
    <ClInclude Include="source\Game\LevelCreator\LevelCreator.h">
      <Filter>Файлы заголовков</Filter>
    </ClInclude>
    <ClInclude Include="source\Rendering\RenderObjects\QuadInstanced\Render.Quad.Instanced.h">
      <Filter>Файлы заголовков</Filter>
    </ClInclude>
    <ClInclude Include="source\Game\DestroyableObject\DestroyableObject.h">
      <Filter>Файлы заголовков</Filter>
    </ClInclude>
    <ClInclude Include="source\Game\Math\AABB\AABB.h">
      <Filter>Файлы заголовков</Filter>
    </ClInclude>
    <ClInclude Include="source\Game\BallSpawnPosition\BallSpawnPosition.h">
      <Filter>Файлы заголовков</Filter>
    </ClInclude>
    <ClInclude Include="source\Game\Game.h">
      <Filter>Файлы заголовков</Filter>
    </ClInclude>
    <ClInclude Include="source\Game\Math\Segment\Segment.h">
      <Filter>Файлы заголовков</Filter>
    </ClInclude>
    <ClInclude Include="source\Game\Math\Triangulation\Greedy\Triangulation.Greedy.h">
      <Filter>Файлы заголовков</Filter>
    </ClInclude>
    <ClInclude Include="source\Game\Math\Triangle\Triangle.h">
      <Filter>Файлы заголовков</Filter>
    </ClInclude>
    <ClInclude Include="THIRD-PARTY\include\nlohmann\detail\conversions\from_json.hpp">
      <Filter>Файлы заголовков</Filter>
    </ClInclude>
    <ClInclude Include="THIRD-PARTY\include\nlohmann\detail\conversions\to_chars.hpp">
      <Filter>Файлы заголовков</Filter>
    </ClInclude>
    <ClInclude Include="THIRD-PARTY\include\nlohmann\detail\conversions\to_json.hpp">
      <Filter>Файлы заголовков</Filter>
    </ClInclude>
    <ClInclude Include="THIRD-PARTY\include\nlohmann\detail\input\binary_reader.hpp">
      <Filter>Файлы заголовков</Filter>
    </ClInclude>
    <ClInclude Include="THIRD-PARTY\include\nlohmann\detail\input\input_adapters.hpp">
      <Filter>Файлы заголовков</Filter>
    </ClInclude>
    <ClInclude Include="THIRD-PARTY\include\nlohmann\detail\input\json_sax.hpp">
      <Filter>Файлы заголовков</Filter>
    </ClInclude>
    <ClInclude Include="THIRD-PARTY\include\nlohmann\detail\input\lexer.hpp">
      <Filter>Файлы заголовков</Filter>
    </ClInclude>
    <ClInclude Include="THIRD-PARTY\include\nlohmann\detail\input\parser.hpp">
      <Filter>Файлы заголовков</Filter>
    </ClInclude>
    <ClInclude Include="THIRD-PARTY\include\nlohmann\detail\input\position_t.hpp">
      <Filter>Файлы заголовков</Filter>
    </ClInclude>
    <ClInclude Include="THIRD-PARTY\include\nlohmann\detail\iterators\internal_iterator.hpp">
      <Filter>Файлы заголовков</Filter>
    </ClInclude>
    <ClInclude Include="THIRD-PARTY\include\nlohmann\detail\iterators\iter_impl.hpp">
      <Filter>Файлы заголовков</Filter>
    </ClInclude>
    <ClInclude Include="THIRD-PARTY\include\nlohmann\detail\iterators\iteration_proxy.hpp">
      <Filter>Файлы заголовков</Filter>
    </ClInclude>
    <ClInclude Include="THIRD-PARTY\include\nlohmann\detail\iterators\iterator_traits.hpp">
      <Filter>Файлы заголовков</Filter>
    </ClInclude>
    <ClInclude Include="THIRD-PARTY\include\nlohmann\detail\iterators\json_reverse_iterator.hpp">
      <Filter>Файлы заголовков</Filter>
    </ClInclude>
    <ClInclude Include="THIRD-PARTY\include\nlohmann\detail\iterators\primitive_iterator.hpp">
      <Filter>Файлы заголовков</Filter>
    </ClInclude>
    <ClInclude Include="THIRD-PARTY\include\nlohmann\detail\meta\call_std\begin.hpp">
      <Filter>Файлы заголовков</Filter>
    </ClInclude>
    <ClInclude Include="THIRD-PARTY\include\nlohmann\detail\meta\call_std\end.hpp">
      <Filter>Файлы заголовков</Filter>
    </ClInclude>
    <ClInclude Include="THIRD-PARTY\include\nlohmann\detail\meta\cpp_future.hpp">
      <Filter>Файлы заголовков</Filter>
    </ClInclude>
    <ClInclude Include="THIRD-PARTY\include\nlohmann\detail\meta\detected.hpp">
      <Filter>Файлы заголовков</Filter>
    </ClInclude>
    <ClInclude Include="THIRD-PARTY\include\nlohmann\detail\meta\identity_tag.hpp">
      <Filter>Файлы заголовков</Filter>
    </ClInclude>
    <ClInclude Include="THIRD-PARTY\include\nlohmann\detail\meta\is_sax.hpp">
      <Filter>Файлы заголовков</Filter>
    </ClInclude>
    <ClInclude Include="THIRD-PARTY\include\nlohmann\detail\meta\std_fs.hpp">
      <Filter>Файлы заголовков</Filter>
    </ClInclude>
    <ClInclude Include="THIRD-PARTY\include\nlohmann\detail\meta\type_traits.hpp">
      <Filter>Файлы заголовков</Filter>
    </ClInclude>
    <ClInclude Include="THIRD-PARTY\include\nlohmann\detail\meta\void_t.hpp">
      <Filter>Файлы заголовков</Filter>
    </ClInclude>
    <ClInclude Include="THIRD-PARTY\include\nlohmann\detail\output\binary_writer.hpp">
      <Filter>Файлы заголовков</Filter>
    </ClInclude>
    <ClInclude Include="THIRD-PARTY\include\nlohmann\detail\output\output_adapters.hpp">
      <Filter>Файлы заголовков</Filter>
    </ClInclude>
    <ClInclude Include="THIRD-PARTY\include\nlohmann\detail\output\serializer.hpp">
      <Filter>Файлы заголовков</Filter>
    </ClInclude>
    <ClInclude Include="THIRD-PARTY\include\nlohmann\detail\abi_macros.hpp">
      <Filter>Файлы заголовков</Filter>
    </ClInclude>
    <ClInclude Include="THIRD-PARTY\include\nlohmann\detail\exceptions.hpp">
      <Filter>Файлы заголовков</Filter>
    </ClInclude>
    <ClInclude Include="THIRD-PARTY\include\nlohmann\detail\hash.hpp">
      <Filter>Файлы заголовков</Filter>
    </ClInclude>
    <ClInclude Include="THIRD-PARTY\include\nlohmann\detail\json_custom_base_class.hpp">
      <Filter>Файлы заголовков</Filter>
    </ClInclude>
    <ClInclude Include="THIRD-PARTY\include\nlohmann\detail\json_pointer.hpp">
      <Filter>Файлы заголовков</Filter>
    </ClInclude>
    <ClInclude Include="THIRD-PARTY\include\nlohmann\detail\json_ref.hpp">
      <Filter>Файлы заголовков</Filter>
    </ClInclude>
    <ClInclude Include="THIRD-PARTY\include\nlohmann\detail\macro_scope.hpp">
      <Filter>Файлы заголовков</Filter>
    </ClInclude>
    <ClInclude Include="THIRD-PARTY\include\nlohmann\detail\macro_unscope.hpp">
      <Filter>Файлы заголовков</Filter>
    </ClInclude>
    <ClInclude Include="THIRD-PARTY\include\nlohmann\detail\string_concat.hpp">
      <Filter>Файлы заголовков</Filter>
    </ClInclude>
    <ClInclude Include="THIRD-PARTY\include\nlohmann\detail\string_escape.hpp">
      <Filter>Файлы заголовков</Filter>
    </ClInclude>
    <ClInclude Include="THIRD-PARTY\include\nlohmann\detail\string_utils.hpp">
      <Filter>Файлы заголовков</Filter>
    </ClInclude>
    <ClInclude Include="THIRD-PARTY\include\nlohmann\detail\value_t.hpp">
      <Filter>Файлы заголовков</Filter>
    </ClInclude>
    <ClInclude Include="THIRD-PARTY\include\nlohmann\thirdparty\hedley\hedley.hpp">
      <Filter>Файлы заголовков</Filter>
    </ClInclude>
    <ClInclude Include="THIRD-PARTY\include\nlohmann\thirdparty\hedley\hedley_undef.hpp">
      <Filter>Файлы заголовков</Filter>
    </ClInclude>
    <ClInclude Include="THIRD-PARTY\include\nlohmann\adl_serializer.hpp">
      <Filter>Файлы заголовков</Filter>
    </ClInclude>
    <ClInclude Include="THIRD-PARTY\include\nlohmann\byte_container_with_subtype.hpp">
      <Filter>Файлы заголовков</Filter>
    </ClInclude>
    <ClInclude Include="THIRD-PARTY\include\nlohmann\json.hpp">
      <Filter>Файлы заголовков</Filter>
    </ClInclude>
    <ClInclude Include="THIRD-PARTY\include\nlohmann\json_fwd.hpp">
      <Filter>Файлы заголовков</Filter>
    </ClInclude>
    <ClInclude Include="THIRD-PARTY\include\nlohmann\ordered_map.hpp">
      <Filter>Файлы заголовков</Filter>
    </ClInclude>
    <ClInclude Include="source\Game\Math\Triangulation\EarClipping\Triangulation.EarClipping.h">
      <Filter>Файлы заголовков</Filter>
    </ClInclude>
    <ClInclude Include="source\Rendering\RenderObjects\TriangleInstanced\Render.Triangle.Instanced.h">
      <Filter>Файлы заголовков</Filter>
    </ClInclude>
  </ItemGroup>
  <ItemGroup>
    <CopyFileToFolders Include="resources\shaders\Debug\Circle\DebugCircle.frag" />
    <CopyFileToFolders Include="resources\shaders\Debug\Line\DebugLine.frag" />
    <CopyFileToFolders Include="resources\shaders\Debug\Line\DebugLine.geom" />
    <CopyFileToFolders Include="resources\shaders\Debug\Line\DebugLine.vert" />
    <CopyFileToFolders Include="resources\shaders\QuadInstanced\QuadInstanced.frag" />
    <CopyFileToFolders Include="resources\shaders\QuadInstanced\QuadInstanced.vert" />
    <CopyFileToFolders Include="resources\levels\arka.level" />
    <CopyFileToFolders Include="resources\levels\Privet.level" />
    <CopyFileToFolders Include="resources\levels\TightCorners.level" />
    <CopyFileToFolders Include="resources\shaders\TriangleInstanced\TriangleInstanced.frag" />
    <CopyFileToFolders Include="resources\shaders\TriangleInstanced\TriangleInstanced.vert" />
    <CopyFileToFolders Include="resources\shaders\Debug\Circle\DebugCircle.vert" />
    <CopyFileToFolders Include="resources\shaders\Quad\Quad.Pattern.Pluses.frag" />
    <CopyFileToFolders Include="resources\shaders\Quad\Quad.vert" />
  </ItemGroup>
  <ItemGroup>
    <None Include="THIRD-PARTY\debug\lib\glew32d.pdb" />
    <None Include="README.md" />
  </ItemGroup>
  <ItemGroup>
    <Library Include="THIRD-PARTY\debug\lib\glew32d.lib" />
    <Library Include="THIRD-PARTY\debug\lib\glfw3.lib" />
    <Library Include="THIRD-PARTY\debug\lib\glm.lib" />
    <Library Include="THIRD-PARTY\debug\lib\imguid.lib" />
    <Library Include="THIRD-PARTY\debug\lib\nfd.lib" />
    <Library Include="THIRD-PARTY\debug\lib\OpenGL32.Lib" />
    <Library Include="THIRD-PARTY\lib\glew32.lib" />
    <Library Include="THIRD-PARTY\lib\glfw3.lib" />
    <Library Include="THIRD-PARTY\lib\glm.lib" />
    <Library Include="THIRD-PARTY\lib\imgui.lib" />
    <Library Include="THIRD-PARTY\lib\nfd.lib" />
    <Library Include="THIRD-PARTY\lib\OpenGL32.Lib" />
  </ItemGroup>
</Project>